// !$*UTF8*$!
{
	archiveVersion = 1;
	classes = {
	};
	objectVersion = 48;
	objects = {

/* Begin PBXBuildFile section */
		E4044B6020BDA4AF00F1E2DC /* AppDelegate.swift in Sources */ = {isa = PBXBuildFile; fileRef = E4044B5F20BDA4AF00F1E2DC /* AppDelegate.swift */; };
		E4044B6220BDA4AF00F1E2DC /* ViewController.swift in Sources */ = {isa = PBXBuildFile; fileRef = E4044B6120BDA4AF00F1E2DC /* ViewController.swift */; };
		E4044B6520BDA4AF00F1E2DC /* Main.storyboard in Resources */ = {isa = PBXBuildFile; fileRef = E4044B6320BDA4AF00F1E2DC /* Main.storyboard */; };
		E4044B6720BDA4AF00F1E2DC /* Assets.xcassets in Resources */ = {isa = PBXBuildFile; fileRef = E4044B6620BDA4AF00F1E2DC /* Assets.xcassets */; };
		E4044B6A20BDA4AF00F1E2DC /* LaunchScreen.storyboard in Resources */ = {isa = PBXBuildFile; fileRef = E4044B6820BDA4AF00F1E2DC /* LaunchScreen.storyboard */; };
/* End PBXBuildFile section */

/* Begin PBXFileReference section */
		E4044B5C20BDA4AF00F1E2DC /* timerAPP.app */ = {isa = PBXFileReference; explicitFileType = wrapper.application; includeInIndex = 0; path = timerAPP.app; sourceTree = BUILT_PRODUCTS_DIR; };
		E4044B5F20BDA4AF00F1E2DC /* AppDelegate.swift */ = {isa = PBXFileReference; lastKnownFileType = sourcecode.swift; path = AppDelegate.swift; sourceTree = "<group>"; };
		E4044B6120BDA4AF00F1E2DC /* ViewController.swift */ = {isa = PBXFileReference; lastKnownFileType = sourcecode.swift; path = ViewController.swift; sourceTree = "<group>"; };
		E4044B6420BDA4AF00F1E2DC /* Base */ = {isa = PBXFileReference; lastKnownFileType = file.storyboard; name = Base; path = Base.lproj/Main.storyboard; sourceTree = "<group>"; };
		E4044B6620BDA4AF00F1E2DC /* Assets.xcassets */ = {isa = PBXFileReference; lastKnownFileType = folder.assetcatalog; path = Assets.xcassets; sourceTree = "<group>"; };
		E4044B6920BDA4AF00F1E2DC /* Base */ = {isa = PBXFileReference; lastKnownFileType = file.storyboard; name = Base; path = Base.lproj/LaunchScreen.storyboard; sourceTree = "<group>"; };
		E4044B6B20BDA4AF00F1E2DC /* Info.plist */ = {isa = PBXFileReference; lastKnownFileType = text.plist.xml; path = Info.plist; sourceTree = "<group>"; };
/* End PBXFileReference section */

/* Begin PBXFrameworksBuildPhase section */
		E4044B5920BDA4AF00F1E2DC /* Frameworks */ = {
			isa = PBXFrameworksBuildPhase;
			buildActionMask = 2147483647;
			files = (
			);
			runOnlyForDeploymentPostprocessing = 0;
		};
/* End PBXFrameworksBuildPhase section */

/* Begin PBXGroup section */
		E4044B5320BDA4AF00F1E2DC = {
			isa = PBXGroup;
			children = (
				E4044B5E20BDA4AF00F1E2DC /* timerAPP */,
				E4044B5D20BDA4AF00F1E2DC /* Products */,
			);
			sourceTree = "<group>";
		};
		E4044B5D20BDA4AF00F1E2DC /* Products */ = {
			isa = PBXGroup;
			children = (
				E4044B5C20BDA4AF00F1E2DC /* timerAPP.app */,
			);
			name = Products;
			sourceTree = "<group>";
		};
		E4044B5E20BDA4AF00F1E2DC /* timerAPP */ = {
			isa = PBXGroup;
			children = (
				E4044B5F20BDA4AF00F1E2DC /* AppDelegate.swift */,
				E4044B6120BDA4AF00F1E2DC /* ViewController.swift */,
				E4044B6320BDA4AF00F1E2DC /* Main.storyboard */,
				E4044B6620BDA4AF00F1E2DC /* Assets.xcassets */,
				E4044B6820BDA4AF00F1E2DC /* LaunchScreen.storyboard */,
				E4044B6B20BDA4AF00F1E2DC /* Info.plist */,
			);
			path = timerAPP;
			sourceTree = "<group>";
		};
/* End PBXGroup section */

/* Begin PBXNativeTarget section */
		E4044B5B20BDA4AF00F1E2DC /* timerAPP */ = {
			isa = PBXNativeTarget;
			buildConfigurationList = E4044B6E20BDA4AF00F1E2DC /* Build configuration list for PBXNativeTarget "timerAPP" */;
			buildPhases = (
				E4044B5820BDA4AF00F1E2DC /* Sources */,
				E4044B5920BDA4AF00F1E2DC /* Frameworks */,
				E4044B5A20BDA4AF00F1E2DC /* Resources */,
			);
			buildRules = (
			);
			dependencies = (
			);
			name = timerAPP;
			productName = timerAPP;
			productReference = E4044B5C20BDA4AF00F1E2DC /* timerAPP.app */;
			productType = "com.apple.product-type.application";
		};
/* End PBXNativeTarget section */

/* Begin PBXProject section */
		E4044B5420BDA4AF00F1E2DC /* Project object */ = {
			isa = PBXProject;
			attributes = {
				LastSwiftUpdateCheck = 0900;
				LastUpgradeCheck = 0900;
				ORGANIZATIONNAME = "iOS developer";
				TargetAttributes = {
					E4044B5B20BDA4AF00F1E2DC = {
						CreatedOnToolsVersion = 9.0;
						ProvisioningStyle = Automatic;
					};
				};
			};
			buildConfigurationList = E4044B5720BDA4AF00F1E2DC /* Build configuration list for PBXProject "timerAPP" */;
			compatibilityVersion = "Xcode 8.0";
			developmentRegion = en;
			hasScannedForEncodings = 0;
			knownRegions = (
				en,
				Base,
			);
			mainGroup = E4044B5320BDA4AF00F1E2DC;
			productRefGroup = E4044B5D20BDA4AF00F1E2DC /* Products */;
			projectDirPath = "";
			projectRoot = "";
			targets = (
				E4044B5B20BDA4AF00F1E2DC /* timerAPP */,
			);
		};
/* End PBXProject section */

/* Begin PBXResourcesBuildPhase section */
		E4044B5A20BDA4AF00F1E2DC /* Resources */ = {
			isa = PBXResourcesBuildPhase;
			buildActionMask = 2147483647;
			files = (
				E4044B6A20BDA4AF00F1E2DC /* LaunchScreen.storyboard in Resources */,
				E4044B6720BDA4AF00F1E2DC /* Assets.xcassets in Resources */,
				E4044B6520BDA4AF00F1E2DC /* Main.storyboard in Resources */,
			);
			runOnlyForDeploymentPostprocessing = 0;
		};
/* End PBXResourcesBuildPhase section */

/* Begin PBXSourcesBuildPhase section */
		E4044B5820BDA4AF00F1E2DC /* Sources */ = {
			isa = PBXSourcesBuildPhase;
			buildActionMask = 2147483647;
			files = (
				E4044B6220BDA4AF00F1E2DC /* ViewController.swift in Sources */,
				E4044B6020BDA4AF00F1E2DC /* AppDelegate.swift in Sources */,
			);
			runOnlyForDeploymentPostprocessing = 0;
		};
/* End PBXSourcesBuildPhase section */

/* Begin PBXVariantGroup section */
		E4044B6320BDA4AF00F1E2DC /* Main.storyboard */ = {
			isa = PBXVariantGroup;
			children = (
				E4044B6420BDA4AF00F1E2DC /* Base */,
			);
			name = Main.storyboard;
			sourceTree = "<group>";
		};
		E4044B6820BDA4AF00F1E2DC /* LaunchScreen.storyboard */ = {
			isa = PBXVariantGroup;
			children = (
				E4044B6920BDA4AF00F1E2DC /* Base */,
			);
			name = LaunchScreen.storyboard;
			sourceTree = "<group>";
		};
/* End PBXVariantGroup section */

/* Begin XCBuildConfiguration section */
		E4044B6C20BDA4AF00F1E2DC /* Debug */ = {
			isa = XCBuildConfiguration;
			buildSettings = {
				ALWAYS_SEARCH_USER_PATHS = NO;
				CLANG_ANALYZER_NONNULL = YES;
				CLANG_ANALYZER_NUMBER_OBJECT_CONVERSION = YES_AGGRESSIVE;
				CLANG_CXX_LANGUAGE_STANDARD = "gnu++14";
				CLANG_CXX_LIBRARY = "libc++";
				CLANG_ENABLE_MODULES = YES;
				CLANG_ENABLE_OBJC_ARC = YES;
				CLANG_WARN_BLOCK_CAPTURE_AUTORELEASING = YES;
				CLANG_WARN_BOOL_CONVERSION = YES;
				CLANG_WARN_COMMA = YES;
				CLANG_WARN_CONSTANT_CONVERSION = YES;
				CLANG_WARN_DIRECT_OBJC_ISA_USAGE = YES_ERROR;
				CLANG_WARN_DOCUMENTATION_COMMENTS = YES;
				CLANG_WARN_EMPTY_BODY = YES;
				CLANG_WARN_ENUM_CONVERSION = YES;
				CLANG_WARN_INFINITE_RECURSION = YES;
				CLANG_WARN_INT_CONVERSION = YES;
				CLANG_WARN_NON_LITERAL_NULL_CONVERSION = YES;
				CLANG_WARN_OBJC_LITERAL_CONVERSION = YES;
				CLANG_WARN_OBJC_ROOT_CLASS = YES_ERROR;
				CLANG_WARN_RANGE_LOOP_ANALYSIS = YES;
				CLANG_WARN_STRICT_PROTOTYPES = YES;
				CLANG_WARN_SUSPICIOUS_MOVE = YES;
				CLANG_WARN_UNGUARDED_AVAILABILITY = YES_AGGRESSIVE;
				CLANG_WARN_UNREACHABLE_CODE = YES;
				CLANG_WARN__DUPLICATE_METHOD_MATCH = YES;
				CODE_SIGN_IDENTITY = "iPhone Developer";
				COPY_PHASE_STRIP = NO;
				DEBUG_INFORMATION_FORMAT = dwarf;
				ENABLE_STRICT_OBJC_MSGSEND = YES;
				ENABLE_TESTABILITY = YES;
				GCC_C_LANGUAGE_STANDARD = gnu11;
				GCC_DYNAMIC_NO_PIC = NO;
				GCC_NO_COMMON_BLOCKS = YES;
				GCC_OPTIMIZATION_LEVEL = 0;
				GCC_PREPROCESSOR_DEFINITIONS = (
					"DEBUG=1",
					"$(inherited)",
				);
				GCC_WARN_64_TO_32_BIT_CONVERSION = YES;
				GCC_WARN_ABOUT_RETURN_TYPE = YES_ERROR;
				GCC_WARN_UNDECLARED_SELECTOR = YES;
				GCC_WARN_UNINITIALIZED_AUTOS = YES_AGGRESSIVE;
				GCC_WARN_UNUSED_FUNCTION = YES;
				GCC_WARN_UNUSED_VARIABLE = YES;
				IPHONEOS_DEPLOYMENT_TARGET = 11.0;
				MTL_ENABLE_DEBUG_INFO = YES;
				ONLY_ACTIVE_ARCH = YES;
				SDKROOT = iphoneos;
				SWIFT_ACTIVE_COMPILATION_CONDITIONS = DEBUG;
				SWIFT_OPTIMIZATION_LEVEL = "-Onone";
			};
			name = Debug;
		};
		E4044B6D20BDA4AF00F1E2DC /* Release */ = {
			isa = XCBuildConfiguration;
			buildSettings = {
				ALWAYS_SEARCH_USER_PATHS = NO;
				CLANG_ANALYZER_NONNULL = YES;
				CLANG_ANALYZER_NUMBER_OBJECT_CONVERSION = YES_AGGRESSIVE;
				CLANG_CXX_LANGUAGE_STANDARD = "gnu++14";
				CLANG_CXX_LIBRARY = "libc++";
				CLANG_ENABLE_MODULES = YES;
				CLANG_ENABLE_OBJC_ARC = YES;
				CLANG_WARN_BLOCK_CAPTURE_AUTORELEASING = YES;
				CLANG_WARN_BOOL_CONVERSION = YES;
				CLANG_WARN_COMMA = YES;
				CLANG_WARN_CONSTANT_CONVERSION = YES;
				CLANG_WARN_DIRECT_OBJC_ISA_USAGE = YES_ERROR;
				CLANG_WARN_DOCUMENTATION_COMMENTS = YES;
				CLANG_WARN_EMPTY_BODY = YES;
				CLANG_WARN_ENUM_CONVERSION = YES;
				CLANG_WARN_INFINITE_RECURSION = YES;
				CLANG_WARN_INT_CONVERSION = YES;
				CLANG_WARN_NON_LITERAL_NULL_CONVERSION = YES;
				CLANG_WARN_OBJC_LITERAL_CONVERSION = YES;
				CLANG_WARN_OBJC_ROOT_CLASS = YES_ERROR;
				CLANG_WARN_RANGE_LOOP_ANALYSIS = YES;
				CLANG_WARN_STRICT_PROTOTYPES = YES;
				CLANG_WARN_SUSPICIOUS_MOVE = YES;
				CLANG_WARN_UNGUARDED_AVAILABILITY = YES_AGGRESSIVE;
				CLANG_WARN_UNREACHABLE_CODE = YES;
				CLANG_WARN__DUPLICATE_METHOD_MATCH = YES;
				CODE_SIGN_IDENTITY = "iPhone Developer";
				COPY_PHASE_STRIP = NO;
				DEBUG_INFORMATION_FORMAT = "dwarf-with-dsym";
				ENABLE_NS_ASSERTIONS = NO;
				ENABLE_STRICT_OBJC_MSGSEND = YES;
				GCC_C_LANGUAGE_STANDARD = gnu11;
				GCC_NO_COMMON_BLOCKS = YES;
				GCC_WARN_64_TO_32_BIT_CONVERSION = YES;
				GCC_WARN_ABOUT_RETURN_TYPE = YES_ERROR;
				GCC_WARN_UNDECLARED_SELECTOR = YES;
				GCC_WARN_UNINITIALIZED_AUTOS = YES_AGGRESSIVE;
				GCC_WARN_UNUSED_FUNCTION = YES;
				GCC_WARN_UNUSED_VARIABLE = YES;
				IPHONEOS_DEPLOYMENT_TARGET = 11.0;
				MTL_ENABLE_DEBUG_INFO = NO;
				SDKROOT = iphoneos;
				SWIFT_OPTIMIZATION_LEVEL = "-Owholemodule";
				VALIDATE_PRODUCT = YES;
			};
			name = Release;
		};
		E4044B6F20BDA4AF00F1E2DC /* Debug */ = {
			isa = XCBuildConfiguration;
			buildSettings = {
				ASSETCATALOG_COMPILER_APPICON_NAME = AppIcon;
				CODE_SIGN_STYLE = Automatic;
				DEVELOPMENT_TEAM = C94WC52RNY;
				INFOPLIST_FILE = timerAPP/Info.plist;
				LD_RUNPATH_SEARCH_PATHS = "$(inherited) @executable_path/Frameworks";
				PRODUCT_BUNDLE_IDENTIFIER = "Farjana-Nipa.timerAPP";
				PRODUCT_NAME = "$(TARGET_NAME)";
				SWIFT_VERSION = 4.0;
				TARGETED_DEVICE_FAMILY = "1,2";
			};
			name = Debug;
		};
		E4044B7020BDA4AF00F1E2DC /* Release */ = {
			isa = XCBuildConfiguration;
			buildSettings = {
				ASSETCATALOG_COMPILER_APPICON_NAME = AppIcon;
				CODE_SIGN_STYLE = Automatic;
				DEVELOPMENT_TEAM = C94WC52RNY;
				INFOPLIST_FILE = timerAPP/Info.plist;
				LD_RUNPATH_SEARCH_PATHS = "$(inherited) @executable_path/Frameworks";
				PRODUCT_BUNDLE_IDENTIFIER = "Farjana-Nipa.timerAPP";
				PRODUCT_NAME = "$(TARGET_NAME)";
				SWIFT_VERSION = 4.0;
				TARGETED_DEVICE_FAMILY = "1,2";
			};
			name = Release;
		};
/* End XCBuildConfiguration section */

/* Begin XCConfigurationList section */
		E4044B5720BDA4AF00F1E2DC /* Build configuration list for PBXProject "timerAPP" */ = {
			isa = XCConfigurationList;
			buildConfigurations = (
				E4044B6C20BDA4AF00F1E2DC /* Debug */,
				E4044B6D20BDA4AF00F1E2DC /* Release */,
			);
			defaultConfigurationIsVisible = 0;
			defaultConfigurationName = Release;
		};
		E4044B6E20BDA4AF00F1E2DC /* Build configuration list for PBXNativeTarget "timerAPP" */ = {
			isa = XCConfigurationList;
			buildConfigurations = (
				E4044B6F20BDA4AF00F1E2DC /* Debug */,
				E4044B7020BDA4AF00F1E2DC /* Release */,
			);
			defaultConfigurationIsVisible = 0;
			defaultConfigurationName = Release;
		};
/* End XCConfigurationList section */
	};
	rootObject = E4044B5420BDA4AF00F1E2DC /* Project object */;
}
